
Microsoft Visual Studio Solution File, Format Version 12.00
# Visual Studio Version 16
VisualStudioVersion = 16.0.32106.194
MinimumVisualStudioVersion = 10.0.40219.1
Project("{9A19103F-16F7-4668-BE54-9A1E7A4F7556}") = "BeetrootProject1", "BeetrootProject1.csproj", "{311EE6A0-FE25-4A50-85E4-BD00EF9C8B69}"
EndProject
Project("{FAE04EC0-301F-11D3-BF4B-00C04F79EFBC}") = "lesson3_homework", "BeetrootProject1\lesson3_homework\lesson3_homework.csproj", "{5A114EE4-6454-4541-94D5-ABB2359D6DBD}"
EndProject
Global
	GlobalSection(SolutionConfigurationPlatforms) = preSolution
		Debug|Any CPU = Debug|Any CPU
		Release|Any CPU = Release|Any CPU
	EndGlobalSection
	GlobalSection(ProjectConfigurationPlatforms) = postSolution
		{311EE6A0-FE25-4A50-85E4-BD00EF9C8B69}.Debug|Any CPU.ActiveCfg = Debug|Any CPU
		{311EE6A0-FE25-4A50-85E4-BD00EF9C8B69}.Debug|Any CPU.Build.0 = Debug|Any CPU
		{311EE6A0-FE25-4A50-85E4-BD00EF9C8B69}.Release|Any CPU.ActiveCfg = Release|Any CPU
		{311EE6A0-FE25-4A50-85E4-BD00EF9C8B69}.Release|Any CPU.Build.0 = Release|Any CPU
		{5A114EE4-6454-4541-94D5-ABB2359D6DBD}.Debug|Any CPU.ActiveCfg = Debug|Any CPU
		{5A114EE4-6454-4541-94D5-ABB2359D6DBD}.Debug|Any CPU.Build.0 = Debug|Any CPU
		{5A114EE4-6454-4541-94D5-ABB2359D6DBD}.Release|Any CPU.ActiveCfg = Release|Any CPU
		{5A114EE4-6454-4541-94D5-ABB2359D6DBD}.Release|Any CPU.Build.0 = Release|Any CPU
	EndGlobalSection
	GlobalSection(SolutionProperties) = preSolution
		HideSolutionNode = FALSE
	EndGlobalSection
	GlobalSection(ExtensibilityGlobals) = postSolution
		SolutionGuid = {E80AB904-357F-4830-9C4D-067CA1D14D5B}
	EndGlobalSection
EndGlobal
