
Microsoft Visual Studio Solution File, Format Version 12.00
# Visual Studio Version 16
VisualStudioVersion = 16.0.32106.194
MinimumVisualStudioVersion = 10.0.40219.1
Project("{9A19103F-16F7-4668-BE54-9A1E7A4F7556}") = "BeetrootProject1", "BeetrootProject1.csproj", "{311EE6A0-FE25-4A50-85E4-BD00EF9C8B69}"
EndProject
Project("{9A19103F-16F7-4668-BE54-9A1E7A4F7556}") = "lesson-3", "lesson-3\lesson-3.csproj", "{F9F4A594-5606-41EA-86FA-01A2CAB9E8EA}"
EndProject
Project("{9A19103F-16F7-4668-BE54-9A1E7A4F7556}") = "HW-lesson-data-types-2", "BeetrootProject1\HW-lesson-data-types-2\HW-lesson-data-types-2.csproj", "{AC114F1A-CA2C-43B1-8F24-0C2276E14559}"
EndProject
Project("{9A19103F-16F7-4668-BE54-9A1E7A4F7556}") = "lesson-4-methods", "BeetrootProject1\lesson-4-methods\lesson-4-methods.csproj", "{1D0A56F2-B26F-45E8-88DF-B464DDF67C78}"
EndProject
Project("{9A19103F-16F7-4668-BE54-9A1E7A4F7556}") = "lesson-6-arrays-CW", "BeetrootProject1\lesson-6-arrays-CW\lesson-6-arrays-CW.csproj", "{FB1501FF-BE5E-4E36-B445-08AC58CC1CE0}"
EndProject
Project("{9A19103F-16F7-4668-BE54-9A1E7A4F7556}") = "lesson-6-arrays-HW", "BeetrootProject1\lesson-6-arrays-HW\lesson-6-arrays-HW.csproj", "{2874ABE0-1BC0-4303-AF46-213A8C68FA08}"
EndProject
Project("{9A19103F-16F7-4668-BE54-9A1E7A4F7556}") = "lesson-7-string", "BeetrootProject1\lesson-7-string\lesson-7-string.csproj", "{866175EB-7DEA-4D17-B69E-4AFB38A84EFE}"
EndProject
Project("{9A19103F-16F7-4668-BE54-9A1E7A4F7556}") = "lesson-8-text", "BeetrootProject1\lesson-8-text\lesson-8-text.csproj", "{FFD0AB11-F7BB-4073-A27B-AF1EB57C61A4}"
EndProject
Project("{9A19103F-16F7-4668-BE54-9A1E7A4F7556}") = "lesson-10-OOP", "BeetrootProject1\lesson-10-OOP\lesson-10-OOP.csproj", "{EF460EFA-86A2-41B1-AF3D-7C945A5BC2EA}"
EndProject
Project("{9A19103F-16F7-4668-BE54-9A1E7A4F7556}") = "lesson-8-text-HW", "BeetrootProject1\lesson-8-text-HW\lesson-8-text-HW.csproj", "{B6FFED96-F57B-4B0A-B7FF-19CFCC92E0A6}"
EndProject
Project("{9A19103F-16F7-4668-BE54-9A1E7A4F7556}") = "lesson-10-OOP-HW", "BeetrootProject1\lesson-10-OOP-HW\lesson-10-OOP-HW.csproj", "{3EE9A985-B19A-40F2-B5B9-9B84D90020C2}"
EndProject
Project("{9A19103F-16F7-4668-BE54-9A1E7A4F7556}") = "lesson-8-text-v2", "BeetrootProject1\lesson-8-text-v2\lesson-8-text-v2.csproj", "{89E902FF-22A9-48B7-8169-ED1E487F7640}"
EndProject
Project("{9A19103F-16F7-4668-BE54-9A1E7A4F7556}") = "lesson-13-inheritance-CW", "BeetrootProject1\lesson-13-inheritance-CW\lesson-13-inheritance-CW.csproj", "{36B7CDF2-423C-469C-AE2A-15AE17ECC153}"
EndProject
Project("{9A19103F-16F7-4668-BE54-9A1E7A4F7556}") = "lesson-14-AbstrClassAndInterfaces-CW", "BeetrootProject1\lesson-14-AbstrClassAndInterfaces-CW\lesson-14-AbstrClassAndInterfaces-CW.csproj", "{2A0AEF96-7236-4DBA-B8FB-80CEB1DCDC24}"
EndProject
Project("{9A19103F-16F7-4668-BE54-9A1E7A4F7556}") = "lesson-15-Struct-CW", "BeetrootProject1\lesson-15-Struct-CW\lesson-15-Struct-CW.csproj", "{8CCC6E4C-33E3-422B-8D31-61DFC6AF4C72}"
EndProject
Project("{9A19103F-16F7-4668-BE54-9A1E7A4F7556}") = "Lesson-17-Collections-CW", "BeetrootProject1\Lesson-17-Collections-CW\Lesson-17-Collections-CW.csproj", "{97C2C4AE-9210-4772-9A39-61E16FAAAA7E}"
EndProject
Project("{2150E333-8FDC-42A3-9474-1A3956D46DE8}") = "Solution Items", "Solution Items", "{03660117-06BE-43AF-9532-4038456ABA69}"
	ProjectSection(SolutionItems) = preProject
		.editorconfig = .editorconfig
	EndProjectSection
EndProject
Global
	GlobalSection(SolutionConfigurationPlatforms) = preSolution
		Debug|Any CPU = Debug|Any CPU
		Release|Any CPU = Release|Any CPU
	EndGlobalSection
	GlobalSection(ProjectConfigurationPlatforms) = postSolution
		{311EE6A0-FE25-4A50-85E4-BD00EF9C8B69}.Debug|Any CPU.ActiveCfg = Debug|Any CPU
		{311EE6A0-FE25-4A50-85E4-BD00EF9C8B69}.Debug|Any CPU.Build.0 = Debug|Any CPU
		{311EE6A0-FE25-4A50-85E4-BD00EF9C8B69}.Release|Any CPU.ActiveCfg = Release|Any CPU
		{311EE6A0-FE25-4A50-85E4-BD00EF9C8B69}.Release|Any CPU.Build.0 = Release|Any CPU
		{F9F4A594-5606-41EA-86FA-01A2CAB9E8EA}.Debug|Any CPU.ActiveCfg = Debug|Any CPU
		{F9F4A594-5606-41EA-86FA-01A2CAB9E8EA}.Debug|Any CPU.Build.0 = Debug|Any CPU
		{F9F4A594-5606-41EA-86FA-01A2CAB9E8EA}.Release|Any CPU.ActiveCfg = Release|Any CPU
		{F9F4A594-5606-41EA-86FA-01A2CAB9E8EA}.Release|Any CPU.Build.0 = Release|Any CPU
		{AC114F1A-CA2C-43B1-8F24-0C2276E14559}.Debug|Any CPU.ActiveCfg = Debug|Any CPU
		{AC114F1A-CA2C-43B1-8F24-0C2276E14559}.Debug|Any CPU.Build.0 = Debug|Any CPU
		{AC114F1A-CA2C-43B1-8F24-0C2276E14559}.Release|Any CPU.ActiveCfg = Release|Any CPU
		{AC114F1A-CA2C-43B1-8F24-0C2276E14559}.Release|Any CPU.Build.0 = Release|Any CPU
		{1D0A56F2-B26F-45E8-88DF-B464DDF67C78}.Debug|Any CPU.ActiveCfg = Debug|Any CPU
		{1D0A56F2-B26F-45E8-88DF-B464DDF67C78}.Debug|Any CPU.Build.0 = Debug|Any CPU
		{1D0A56F2-B26F-45E8-88DF-B464DDF67C78}.Release|Any CPU.ActiveCfg = Release|Any CPU
		{1D0A56F2-B26F-45E8-88DF-B464DDF67C78}.Release|Any CPU.Build.0 = Release|Any CPU
		{FB1501FF-BE5E-4E36-B445-08AC58CC1CE0}.Debug|Any CPU.ActiveCfg = Debug|Any CPU
		{FB1501FF-BE5E-4E36-B445-08AC58CC1CE0}.Debug|Any CPU.Build.0 = Debug|Any CPU
		{FB1501FF-BE5E-4E36-B445-08AC58CC1CE0}.Release|Any CPU.ActiveCfg = Release|Any CPU
		{FB1501FF-BE5E-4E36-B445-08AC58CC1CE0}.Release|Any CPU.Build.0 = Release|Any CPU
		{2874ABE0-1BC0-4303-AF46-213A8C68FA08}.Debug|Any CPU.ActiveCfg = Debug|Any CPU
		{2874ABE0-1BC0-4303-AF46-213A8C68FA08}.Debug|Any CPU.Build.0 = Debug|Any CPU
		{2874ABE0-1BC0-4303-AF46-213A8C68FA08}.Release|Any CPU.ActiveCfg = Release|Any CPU
		{2874ABE0-1BC0-4303-AF46-213A8C68FA08}.Release|Any CPU.Build.0 = Release|Any CPU
		{866175EB-7DEA-4D17-B69E-4AFB38A84EFE}.Debug|Any CPU.ActiveCfg = Debug|Any CPU
		{866175EB-7DEA-4D17-B69E-4AFB38A84EFE}.Debug|Any CPU.Build.0 = Debug|Any CPU
		{866175EB-7DEA-4D17-B69E-4AFB38A84EFE}.Release|Any CPU.ActiveCfg = Release|Any CPU
		{866175EB-7DEA-4D17-B69E-4AFB38A84EFE}.Release|Any CPU.Build.0 = Release|Any CPU
		{FFD0AB11-F7BB-4073-A27B-AF1EB57C61A4}.Debug|Any CPU.ActiveCfg = Debug|Any CPU
		{FFD0AB11-F7BB-4073-A27B-AF1EB57C61A4}.Debug|Any CPU.Build.0 = Debug|Any CPU
		{FFD0AB11-F7BB-4073-A27B-AF1EB57C61A4}.Release|Any CPU.ActiveCfg = Release|Any CPU
		{FFD0AB11-F7BB-4073-A27B-AF1EB57C61A4}.Release|Any CPU.Build.0 = Release|Any CPU
		{EF460EFA-86A2-41B1-AF3D-7C945A5BC2EA}.Debug|Any CPU.ActiveCfg = Debug|Any CPU
		{EF460EFA-86A2-41B1-AF3D-7C945A5BC2EA}.Debug|Any CPU.Build.0 = Debug|Any CPU
		{EF460EFA-86A2-41B1-AF3D-7C945A5BC2EA}.Release|Any CPU.ActiveCfg = Release|Any CPU
		{EF460EFA-86A2-41B1-AF3D-7C945A5BC2EA}.Release|Any CPU.Build.0 = Release|Any CPU
		{B6FFED96-F57B-4B0A-B7FF-19CFCC92E0A6}.Debug|Any CPU.ActiveCfg = Debug|Any CPU
		{B6FFED96-F57B-4B0A-B7FF-19CFCC92E0A6}.Debug|Any CPU.Build.0 = Debug|Any CPU
		{B6FFED96-F57B-4B0A-B7FF-19CFCC92E0A6}.Release|Any CPU.ActiveCfg = Release|Any CPU
		{B6FFED96-F57B-4B0A-B7FF-19CFCC92E0A6}.Release|Any CPU.Build.0 = Release|Any CPU
		{3EE9A985-B19A-40F2-B5B9-9B84D90020C2}.Debug|Any CPU.ActiveCfg = Debug|Any CPU
		{3EE9A985-B19A-40F2-B5B9-9B84D90020C2}.Debug|Any CPU.Build.0 = Debug|Any CPU
		{3EE9A985-B19A-40F2-B5B9-9B84D90020C2}.Release|Any CPU.ActiveCfg = Release|Any CPU
		{3EE9A985-B19A-40F2-B5B9-9B84D90020C2}.Release|Any CPU.Build.0 = Release|Any CPU
		{89E902FF-22A9-48B7-8169-ED1E487F7640}.Debug|Any CPU.ActiveCfg = Debug|Any CPU
		{89E902FF-22A9-48B7-8169-ED1E487F7640}.Debug|Any CPU.Build.0 = Debug|Any CPU
		{89E902FF-22A9-48B7-8169-ED1E487F7640}.Release|Any CPU.ActiveCfg = Release|Any CPU
		{89E902FF-22A9-48B7-8169-ED1E487F7640}.Release|Any CPU.Build.0 = Release|Any CPU
		{36B7CDF2-423C-469C-AE2A-15AE17ECC153}.Debug|Any CPU.ActiveCfg = Debug|Any CPU
		{36B7CDF2-423C-469C-AE2A-15AE17ECC153}.Debug|Any CPU.Build.0 = Debug|Any CPU
		{36B7CDF2-423C-469C-AE2A-15AE17ECC153}.Release|Any CPU.ActiveCfg = Release|Any CPU
		{36B7CDF2-423C-469C-AE2A-15AE17ECC153}.Release|Any CPU.Build.0 = Release|Any CPU
		{2A0AEF96-7236-4DBA-B8FB-80CEB1DCDC24}.Debug|Any CPU.ActiveCfg = Debug|Any CPU
		{2A0AEF96-7236-4DBA-B8FB-80CEB1DCDC24}.Debug|Any CPU.Build.0 = Debug|Any CPU
		{2A0AEF96-7236-4DBA-B8FB-80CEB1DCDC24}.Release|Any CPU.ActiveCfg = Release|Any CPU
		{2A0AEF96-7236-4DBA-B8FB-80CEB1DCDC24}.Release|Any CPU.Build.0 = Release|Any CPU
		{8CCC6E4C-33E3-422B-8D31-61DFC6AF4C72}.Debug|Any CPU.ActiveCfg = Debug|Any CPU
		{8CCC6E4C-33E3-422B-8D31-61DFC6AF4C72}.Debug|Any CPU.Build.0 = Debug|Any CPU
		{8CCC6E4C-33E3-422B-8D31-61DFC6AF4C72}.Release|Any CPU.ActiveCfg = Release|Any CPU
		{8CCC6E4C-33E3-422B-8D31-61DFC6AF4C72}.Release|Any CPU.Build.0 = Release|Any CPU
		{97C2C4AE-9210-4772-9A39-61E16FAAAA7E}.Debug|Any CPU.ActiveCfg = Debug|Any CPU
		{97C2C4AE-9210-4772-9A39-61E16FAAAA7E}.Debug|Any CPU.Build.0 = Debug|Any CPU
		{97C2C4AE-9210-4772-9A39-61E16FAAAA7E}.Release|Any CPU.ActiveCfg = Release|Any CPU
		{97C2C4AE-9210-4772-9A39-61E16FAAAA7E}.Release|Any CPU.Build.0 = Release|Any CPU
	EndGlobalSection
	GlobalSection(SolutionProperties) = preSolution
		HideSolutionNode = FALSE
	EndGlobalSection
	GlobalSection(ExtensibilityGlobals) = postSolution
		SolutionGuid = {E80AB904-357F-4830-9C4D-067CA1D14D5B}
	EndGlobalSection
EndGlobal
